
Microsoft Visual Studio Solution File, Format Version 12.00
# Visual Studio Version 17
VisualStudioVersion = 17.2.32616.157
MinimumVisualStudioVersion = 10.0.40219.1
Project("{FAE04EC0-301F-11D3-BF4B-00C04F79EFBC}") = "ParserLib", "..\ParserLib\ParserLib\ParserLib.csproj", "{1902999E-4C85-4302-A6CD-6C1FABC80895}"
EndProject
Project("{FAE04EC0-301F-11D3-BF4B-00C04F79EFBC}") = "SIPParserLib", "SIPParserLib\SIPParserLib.csproj", "{B4F29D32-191D-418F-A361-5C2D89E77148}"
EndProject
Project("{FAE04EC0-301F-11D3-BF4B-00C04F79EFBC}") = "SIPParserLib.UnitTest", "SIPParserLib.UnitTest\SIPParserLib.UnitTest.csproj", "{A8EB20E5-3098-40B1-9B31-BB296C92D341}"
EndProject
Global
	GlobalSection(SolutionConfigurationPlatforms) = preSolution
		Debug|Any CPU = Debug|Any CPU
		Release|Any CPU = Release|Any CPU
	EndGlobalSection
	GlobalSection(ProjectConfigurationPlatforms) = postSolution
		{1902999E-4C85-4302-A6CD-6C1FABC80895}.Debug|Any CPU.ActiveCfg = Debug|Any CPU
		{1902999E-4C85-4302-A6CD-6C1FABC80895}.Debug|Any CPU.Build.0 = Debug|Any CPU
		{1902999E-4C85-4302-A6CD-6C1FABC80895}.Release|Any CPU.ActiveCfg = Release|Any CPU
		{1902999E-4C85-4302-A6CD-6C1FABC80895}.Release|Any CPU.Build.0 = Release|Any CPU
		{B4F29D32-191D-418F-A361-5C2D89E77148}.Debug|Any CPU.ActiveCfg = Debug|Any CPU
		{B4F29D32-191D-418F-A361-5C2D89E77148}.Debug|Any CPU.Build.0 = Debug|Any CPU
		{B4F29D32-191D-418F-A361-5C2D89E77148}.Release|Any CPU.ActiveCfg = Release|Any CPU
		{B4F29D32-191D-418F-A361-5C2D89E77148}.Release|Any CPU.Build.0 = Release|Any CPU
		{A8EB20E5-3098-40B1-9B31-BB296C92D341}.Debug|Any CPU.ActiveCfg = Debug|Any CPU
		{A8EB20E5-3098-40B1-9B31-BB296C92D341}.Debug|Any CPU.Build.0 = Debug|Any CPU
		{A8EB20E5-3098-40B1-9B31-BB296C92D341}.Release|Any CPU.ActiveCfg = Release|Any CPU
		{A8EB20E5-3098-40B1-9B31-BB296C92D341}.Release|Any CPU.Build.0 = Release|Any CPU
	EndGlobalSection
	GlobalSection(SolutionProperties) = preSolution
		HideSolutionNode = FALSE
	EndGlobalSection
	GlobalSection(ExtensibilityGlobals) = postSolution
		SolutionGuid = {874F4D80-A198-46CE-AD58-A95242CEB328}
	EndGlobalSection
EndGlobal
